
Microsoft Visual Studio Solution File, Format Version 12.00
# Visual Studio Version 17
VisualStudioVersion = 17.11.35327.3
MinimumVisualStudioVersion = 10.0.40219.1
Project("{FAE04EC0-301F-11D3-BF4B-00C04F79EFBC}") = "Assessment_on_Inheritance", "Assessment_on_Inheritance\Assessment_on_Inheritance.csproj", "{E29C6E46-F1F4-4FAB-9B75-0E0CFD37EE9B}"
EndProject
Global
	GlobalSection(SolutionConfigurationPlatforms) = preSolution
		Debug|Any CPU = Debug|Any CPU
		Release|Any CPU = Release|Any CPU
	EndGlobalSection
	GlobalSection(ProjectConfigurationPlatforms) = postSolution
		{E29C6E46-F1F4-4FAB-9B75-0E0CFD37EE9B}.Debug|Any CPU.ActiveCfg = Debug|Any CPU
		{E29C6E46-F1F4-4FAB-9B75-0E0CFD37EE9B}.Debug|Any CPU.Build.0 = Debug|Any CPU
		{E29C6E46-F1F4-4FAB-9B75-0E0CFD37EE9B}.Release|Any CPU.ActiveCfg = Release|Any CPU
		{E29C6E46-F1F4-4FAB-9B75-0E0CFD37EE9B}.Release|Any CPU.Build.0 = Release|Any CPU
	EndGlobalSection
	GlobalSection(SolutionProperties) = preSolution
		HideSolutionNode = FALSE
	EndGlobalSection
	GlobalSection(ExtensibilityGlobals) = postSolution
		SolutionGuid = {D9736EC0-7D46-4640-932F-6C1001AA7AE1}
	EndGlobalSection
EndGlobal
